PODS:
  - Capacitor (8.5.3):
    - CapacitorCordova
  - CapacitorApp (8.1.2):
    - Capacitor
  - CapacitorCordova (8.5.3)
  - CapacitorHaptics (8.0.2):
    - Capacitor
  - CapacitorKeyboard (8.0.6):
    - Capacitor
  - CapacitorStatusBar (8.0.4):
    - Capacitor
  - IonicEnterpriseGooglePay (3.1.0):
    - Capacitor

DEPENDENCIES:
  - "Capacitor (from `../../node_modules/@capacitor/ios`)"
  - "CapacitorApp (from `../../node_modules/@capacitor/app`)"
  - "CapacitorCordova (from `../../node_modules/@capacitor/ios`)"
  - "CapacitorHaptics (from `../../node_modules/@capacitor/haptics`)"
  - "CapacitorKeyboard (from `../../node_modules/@capacitor/keyboard`)"
  - "CapacitorStatusBar (from `../../node_modules/@capacitor/status-bar`)"
  - IonicEnterpriseGooglePay (from `../../..`)

EXTERNAL SOURCES:
  Capacitor:
    :path: "../../node_modules/@capacitor/ios"
  CapacitorApp:
    :path: "../../node_modules/@capacitor/app"
  CapacitorCordova:
    :path: "../../node_modules/@capacitor/ios"
  CapacitorHaptics:
    :path: "../../node_modules/@capacitor/haptics"
  CapacitorKeyboard:
    :path: "../../node_modules/@capacitor/keyboard"
  CapacitorStatusBar:
    :path: "../../node_modules/@capacitor/status-bar"
  IonicEnterpriseGooglePay:
    :path: "../../.."

SPEC CHECKSUMS:
  Capacitor: 2f67eaeb8ed79909cd35b5e7439a5c2a9ca58e0f
  CapacitorApp: 7b7e43debe505bc61beedb83796aa1368c86078b
  CapacitorCordova: 0b7326439c7a09fc5d20eced5e0dab986327a493
  CapacitorHaptics: 296f771ecd89c7a1bd92a7b6826a7d268e2e70f5
  CapacitorKeyboard: f9e85e685082e9f63404de15db4a4291448b0912
  CapacitorStatusBar: ff844df1f126da6c4fbc4028272425fa3a91e7e3
  IonicEnterpriseGooglePay: 081ba493cfe6dd9faa7cd60e8e1c87a656c3489a

PODFILE CHECKSUM: 4811126112a849b2c8150104c31c04e81c84d780

COCOAPODS: 1.16.2
