{
	"name": "google-pay-demo",
	"version": "0.0.1",
	"lockfileVersion": 2,
	"requires": true,
	"packages": {
		"": {
			"version": "0.0.1",
			"dependencies": {
				"@capacitor/android": "^2.4.7"
			}
		},
		"node_modules/@capacitor/android": {
			"version": "2.4.8",
			"resolved": "https://registry.npmjs.org/@capacitor/android/-/android-2.4.8.tgz",
			"integrity": "sha512-uFTXsh9YBR/eBgqTZRIpSWCp59wbIKJGfsGB6dufxV3fYkiGJkMVZ1QoBnqcY5hk+qIB0nM3ZyUDc6wMq+HLnw==",
			"peerDependencies": {
				"@capacitor/core": "~2.4.0"
			}
		},
		"node_modules/@capacitor/core": {
			"version": "2.4.8",
			"resolved": "https://registry.npmjs.org/@capacitor/core/-/core-2.4.8.tgz",
			"integrity": "sha512-8WD5SntTA0wmX4hAlsZtLRara8Nu5g13GUKoo9R1uT2kcka//4WF7JJJ34WYko8599R87UalVCoOQhxMk+85uw==",
			"peer": true,
			"dependencies": {
				"tslib": "^1.9.0"
			}
		},
		"node_modules/@capacitor/core/node_modules/tslib": {
			"version": "1.14.1",
			"resolved": "https://registry.npmjs.org/tslib/-/tslib-1.14.1.tgz",
			"integrity": "sha512-Xni35NKzjgMrwevysHTCArtLDpPvye8zV/0E4EyYn43P7/7qvQwPh9BGkHewbMulVntbigmcT7rdX3BNo9wRJg==",
			"peer": true
		}
	},
	"dependencies": {
		"@capacitor/android": {
			"version": "2.4.8",
			"resolved": "https://registry.npmjs.org/@capacitor/android/-/android-2.4.8.tgz",
			"integrity": "sha512-uFTXsh9YBR/eBgqTZRIpSWCp59wbIKJGfsGB6dufxV3fYkiGJkMVZ1QoBnqcY5hk+qIB0nM3ZyUDc6wMq+HLnw==",
			"requires": {}
		},
		"@capacitor/core": {
			"version": "2.4.8",
			"resolved": "https://registry.npmjs.org/@capacitor/core/-/core-2.4.8.tgz",
			"integrity": "sha512-8WD5SntTA0wmX4hAlsZtLRara8Nu5g13GUKoo9R1uT2kcka//4WF7JJJ34WYko8599R87UalVCoOQhxMk+85uw==",
			"peer": true,
			"requires": {
				"tslib": "^1.9.0"
			},
			"dependencies": {
				"tslib": {
					"version": "1.14.1",
					"resolved": "https://registry.npmjs.org/tslib/-/tslib-1.14.1.tgz",
					"integrity": "sha512-Xni35NKzjgMrwevysHTCArtLDpPvye8zV/0E4EyYn43P7/7qvQwPh9BGkHewbMulVntbigmcT7rdX3BNo9wRJg==",
					"peer": true
				}
			}
		}
	}
}
